
Microsoft Visual Studio Solution File, Format Version 12.00
# Visual Studio 15
VisualStudioVersion = 15.0.27703.2042
MinimumVisualStudioVersion = 10.0.40219.1
Project("{FAE04EC0-301F-11D3-BF4B-00C04F79EFBC}") = "Mvcya06", "Mvcya06\Mvcya06.csproj", "{A78AF916-294B-48B1-8894-DC06BAC02DDE}"
EndProject
Global
	GlobalSection(SolutionConfigurationPlatforms) = preSolution
		Debug|Any CPU = Debug|Any CPU
		Release|Any CPU = Release|Any CPU
	EndGlobalSection
	GlobalSection(ProjectConfigurationPlatforms) = postSolution
		{A78AF916-294B-48B1-8894-DC06BAC02DDE}.Debug|Any CPU.ActiveCfg = Debug|Any CPU
		{A78AF916-294B-48B1-8894-DC06BAC02DDE}.Debug|Any CPU.Build.0 = Debug|Any CPU
		{A78AF916-294B-48B1-8894-DC06BAC02DDE}.Release|Any CPU.ActiveCfg = Release|Any CPU
		{A78AF916-294B-48B1-8894-DC06BAC02DDE}.Release|Any CPU.Build.0 = Release|Any CPU
	EndGlobalSection
	GlobalSection(SolutionProperties) = preSolution
		HideSolutionNode = FALSE
	EndGlobalSection
	GlobalSection(ExtensibilityGlobals) = postSolution
		SolutionGuid = {AB29EEF2-DD0E-44C3-AE17-EB5A796C78E1}
	EndGlobalSection
EndGlobal
